
Microsoft Visual Studio Solution File, Format Version 12.00
# Visual Studio Version 17
VisualStudioVersion = 17.10.35004.147
MinimumVisualStudioVersion = 10.0.40219.1
Project("{9A19103F-16F7-4668-BE54-9A1E7A4F7556}") = "task 1", "task 1\task 1.csproj", "{06275DE2-2079-4F08-BEEF-1F671D225A72}"
EndProject
Project("{9A19103F-16F7-4668-BE54-9A1E7A4F7556}") = "task 2", "task 2\task 2.csproj", "{4B53A28D-4A54-4249-9738-58925F15504A}"
EndProject
Project("{FAE04EC0-301F-11D3-BF4B-00C04F79EFBC}") = "task 3", "task 3\task 3.csproj", "{31F23441-BBCE-418D-8D5E-67C14031E279}"
EndProject
Project("{FAE04EC0-301F-11D3-BF4B-00C04F79EFBC}") = "task 4", "task 4\task 4.csproj", "{B08DCB9E-52C7-465B-BCB2-8324F34CD0F8}"
EndProject
Project("{FAE04EC0-301F-11D3-BF4B-00C04F79EFBC}") = "task 5", "task 5\task 5.csproj", "{AF8E3652-E380-47B7-9D3F-C517D821D3DD}"
EndProject
Project("{FAE04EC0-301F-11D3-BF4B-00C04F79EFBC}") = "task 6", "task 6\task 6.csproj", "{ABE19408-4F14-44DA-972F-205D6DCCE34B}"
EndProject
Global
	GlobalSection(SolutionConfigurationPlatforms) = preSolution
		Debug|Any CPU = Debug|Any CPU
		Release|Any CPU = Release|Any CPU
	EndGlobalSection
	GlobalSection(ProjectConfigurationPlatforms) = postSolution
		{06275DE2-2079-4F08-BEEF-1F671D225A72}.Debug|Any CPU.ActiveCfg = Debug|Any CPU
		{06275DE2-2079-4F08-BEEF-1F671D225A72}.Debug|Any CPU.Build.0 = Debug|Any CPU
		{06275DE2-2079-4F08-BEEF-1F671D225A72}.Release|Any CPU.ActiveCfg = Release|Any CPU
		{06275DE2-2079-4F08-BEEF-1F671D225A72}.Release|Any CPU.Build.0 = Release|Any CPU
		{4B53A28D-4A54-4249-9738-58925F15504A}.Debug|Any CPU.ActiveCfg = Debug|Any CPU
		{4B53A28D-4A54-4249-9738-58925F15504A}.Debug|Any CPU.Build.0 = Debug|Any CPU
		{4B53A28D-4A54-4249-9738-58925F15504A}.Release|Any CPU.ActiveCfg = Release|Any CPU
		{4B53A28D-4A54-4249-9738-58925F15504A}.Release|Any CPU.Build.0 = Release|Any CPU
		{31F23441-BBCE-418D-8D5E-67C14031E279}.Debug|Any CPU.ActiveCfg = Debug|Any CPU
		{31F23441-BBCE-418D-8D5E-67C14031E279}.Debug|Any CPU.Build.0 = Debug|Any CPU
		{31F23441-BBCE-418D-8D5E-67C14031E279}.Release|Any CPU.ActiveCfg = Release|Any CPU
		{31F23441-BBCE-418D-8D5E-67C14031E279}.Release|Any CPU.Build.0 = Release|Any CPU
		{B08DCB9E-52C7-465B-BCB2-8324F34CD0F8}.Debug|Any CPU.ActiveCfg = Debug|Any CPU
		{B08DCB9E-52C7-465B-BCB2-8324F34CD0F8}.Debug|Any CPU.Build.0 = Debug|Any CPU
		{B08DCB9E-52C7-465B-BCB2-8324F34CD0F8}.Release|Any CPU.ActiveCfg = Release|Any CPU
		{B08DCB9E-52C7-465B-BCB2-8324F34CD0F8}.Release|Any CPU.Build.0 = Release|Any CPU
		{AF8E3652-E380-47B7-9D3F-C517D821D3DD}.Debug|Any CPU.ActiveCfg = Debug|Any CPU
		{AF8E3652-E380-47B7-9D3F-C517D821D3DD}.Debug|Any CPU.Build.0 = Debug|Any CPU
		{AF8E3652-E380-47B7-9D3F-C517D821D3DD}.Release|Any CPU.ActiveCfg = Release|Any CPU
		{AF8E3652-E380-47B7-9D3F-C517D821D3DD}.Release|Any CPU.Build.0 = Release|Any CPU
		{ABE19408-4F14-44DA-972F-205D6DCCE34B}.Debug|Any CPU.ActiveCfg = Debug|Any CPU
		{ABE19408-4F14-44DA-972F-205D6DCCE34B}.Debug|Any CPU.Build.0 = Debug|Any CPU
		{ABE19408-4F14-44DA-972F-205D6DCCE34B}.Release|Any CPU.ActiveCfg = Release|Any CPU
		{ABE19408-4F14-44DA-972F-205D6DCCE34B}.Release|Any CPU.Build.0 = Release|Any CPU
	EndGlobalSection
	GlobalSection(SolutionProperties) = preSolution
		HideSolutionNode = FALSE
	EndGlobalSection
	GlobalSection(ExtensibilityGlobals) = postSolution
		SolutionGuid = {90875460-9158-4152-8617-A70BA4F5D51C}
	EndGlobalSection
EndGlobal
