
Microsoft Visual Studio Solution File, Format Version 12.00
# Visual Studio Version 17
VisualStudioVersion = 17.10.35004.147
MinimumVisualStudioVersion = 10.0.40219.1
Project("{9A19103F-16F7-4668-BE54-9A1E7A4F7556}") = "task 1", "task 1\task 1.csproj", "{06275DE2-2079-4F08-BEEF-1F671D225A72}"
EndProject
Project("{9A19103F-16F7-4668-BE54-9A1E7A4F7556}") = "task 2", "task 2\task 2.csproj", "{4B53A28D-4A54-4249-9738-58925F15504A}"
EndProject
Project("{9A19103F-16F7-4668-BE54-9A1E7A4F7556}") = "task 3", "task 3\task 3.csproj", "{31F23441-BBCE-418D-8D5E-67C14031E279}"
EndProject
Project("{9A19103F-16F7-4668-BE54-9A1E7A4F7556}") = "task 4", "task 4\task 4.csproj", "{B08DCB9E-52C7-465B-BCB2-8324F34CD0F8}"
EndProject
Project("{9A19103F-16F7-4668-BE54-9A1E7A4F7556}") = "task 5", "task 5\task 5.csproj", "{AF8E3652-E380-47B7-9D3F-C517D821D3DD}"
EndProject
Project("{9A19103F-16F7-4668-BE54-9A1E7A4F7556}") = "task 6", "task 6\task 6.csproj", "{ABE19408-4F14-44DA-972F-205D6DCCE34B}"
EndProject
Project("{9A19103F-16F7-4668-BE54-9A1E7A4F7556}") = "task 7", "task 7\task 7.csproj", "{6DA28ECC-1957-49F4-91F3-690700E9E0F5}"
EndProject
Project("{FAE04EC0-301F-11D3-BF4B-00C04F79EFBC}") = "task 8", "task 8\task 8.csproj", "{155F6F7E-3F1B-43E2-A68D-308D577769B0}"
EndProject
Project("{FAE04EC0-301F-11D3-BF4B-00C04F79EFBC}") = "task 9", "task 9\task 9.csproj", "{765C8A47-C14A-4E4C-9D25-D11A42745D5B}"
EndProject
Project("{FAE04EC0-301F-11D3-BF4B-00C04F79EFBC}") = "task 10", "task 10\task 10.csproj", "{5AB51DBB-6154-4180-833E-0D346A3E95DB}"
EndProject
Project("{FAE04EC0-301F-11D3-BF4B-00C04F79EFBC}") = "task 11", "task 11\task 11.csproj", "{9CC02429-F405-45B7-B529-3A80E55C453D}"
EndProject
Project("{FAE04EC0-301F-11D3-BF4B-00C04F79EFBC}") = "task 12", "task 12\task 12.csproj", "{ED2BB26B-2EF0-45D6-B4D5-0DE36CE88A4C}"
EndProject
Global
	GlobalSection(SolutionConfigurationPlatforms) = preSolution
		Debug|Any CPU = Debug|Any CPU
		Release|Any CPU = Release|Any CPU
	EndGlobalSection
	GlobalSection(ProjectConfigurationPlatforms) = postSolution
		{06275DE2-2079-4F08-BEEF-1F671D225A72}.Debug|Any CPU.ActiveCfg = Debug|Any CPU
		{06275DE2-2079-4F08-BEEF-1F671D225A72}.Debug|Any CPU.Build.0 = Debug|Any CPU
		{06275DE2-2079-4F08-BEEF-1F671D225A72}.Release|Any CPU.ActiveCfg = Release|Any CPU
		{06275DE2-2079-4F08-BEEF-1F671D225A72}.Release|Any CPU.Build.0 = Release|Any CPU
		{4B53A28D-4A54-4249-9738-58925F15504A}.Debug|Any CPU.ActiveCfg = Debug|Any CPU
		{4B53A28D-4A54-4249-9738-58925F15504A}.Debug|Any CPU.Build.0 = Debug|Any CPU
		{4B53A28D-4A54-4249-9738-58925F15504A}.Release|Any CPU.ActiveCfg = Release|Any CPU
		{4B53A28D-4A54-4249-9738-58925F15504A}.Release|Any CPU.Build.0 = Release|Any CPU
		{31F23441-BBCE-418D-8D5E-67C14031E279}.Debug|Any CPU.ActiveCfg = Debug|Any CPU
		{31F23441-BBCE-418D-8D5E-67C14031E279}.Debug|Any CPU.Build.0 = Debug|Any CPU
		{31F23441-BBCE-418D-8D5E-67C14031E279}.Release|Any CPU.ActiveCfg = Release|Any CPU
		{31F23441-BBCE-418D-8D5E-67C14031E279}.Release|Any CPU.Build.0 = Release|Any CPU
		{B08DCB9E-52C7-465B-BCB2-8324F34CD0F8}.Debug|Any CPU.ActiveCfg = Debug|Any CPU
		{B08DCB9E-52C7-465B-BCB2-8324F34CD0F8}.Debug|Any CPU.Build.0 = Debug|Any CPU
		{B08DCB9E-52C7-465B-BCB2-8324F34CD0F8}.Release|Any CPU.ActiveCfg = Release|Any CPU
		{B08DCB9E-52C7-465B-BCB2-8324F34CD0F8}.Release|Any CPU.Build.0 = Release|Any CPU
		{AF8E3652-E380-47B7-9D3F-C517D821D3DD}.Debug|Any CPU.ActiveCfg = Debug|Any CPU
		{AF8E3652-E380-47B7-9D3F-C517D821D3DD}.Debug|Any CPU.Build.0 = Debug|Any CPU
		{AF8E3652-E380-47B7-9D3F-C517D821D3DD}.Release|Any CPU.ActiveCfg = Release|Any CPU
		{AF8E3652-E380-47B7-9D3F-C517D821D3DD}.Release|Any CPU.Build.0 = Release|Any CPU
		{ABE19408-4F14-44DA-972F-205D6DCCE34B}.Debug|Any CPU.ActiveCfg = Debug|Any CPU
		{ABE19408-4F14-44DA-972F-205D6DCCE34B}.Debug|Any CPU.Build.0 = Debug|Any CPU
		{ABE19408-4F14-44DA-972F-205D6DCCE34B}.Release|Any CPU.ActiveCfg = Release|Any CPU
		{ABE19408-4F14-44DA-972F-205D6DCCE34B}.Release|Any CPU.Build.0 = Release|Any CPU
		{6DA28ECC-1957-49F4-91F3-690700E9E0F5}.Debug|Any CPU.ActiveCfg = Debug|Any CPU
		{6DA28ECC-1957-49F4-91F3-690700E9E0F5}.Debug|Any CPU.Build.0 = Debug|Any CPU
		{6DA28ECC-1957-49F4-91F3-690700E9E0F5}.Release|Any CPU.ActiveCfg = Release|Any CPU
		{6DA28ECC-1957-49F4-91F3-690700E9E0F5}.Release|Any CPU.Build.0 = Release|Any CPU
		{155F6F7E-3F1B-43E2-A68D-308D577769B0}.Debug|Any CPU.ActiveCfg = Debug|Any CPU
		{155F6F7E-3F1B-43E2-A68D-308D577769B0}.Debug|Any CPU.Build.0 = Debug|Any CPU
		{155F6F7E-3F1B-43E2-A68D-308D577769B0}.Release|Any CPU.ActiveCfg = Release|Any CPU
		{155F6F7E-3F1B-43E2-A68D-308D577769B0}.Release|Any CPU.Build.0 = Release|Any CPU
		{765C8A47-C14A-4E4C-9D25-D11A42745D5B}.Debug|Any CPU.ActiveCfg = Debug|Any CPU
		{765C8A47-C14A-4E4C-9D25-D11A42745D5B}.Debug|Any CPU.Build.0 = Debug|Any CPU
		{765C8A47-C14A-4E4C-9D25-D11A42745D5B}.Release|Any CPU.ActiveCfg = Release|Any CPU
		{765C8A47-C14A-4E4C-9D25-D11A42745D5B}.Release|Any CPU.Build.0 = Release|Any CPU
		{5AB51DBB-6154-4180-833E-0D346A3E95DB}.Debug|Any CPU.ActiveCfg = Debug|Any CPU
		{5AB51DBB-6154-4180-833E-0D346A3E95DB}.Debug|Any CPU.Build.0 = Debug|Any CPU
		{5AB51DBB-6154-4180-833E-0D346A3E95DB}.Release|Any CPU.ActiveCfg = Release|Any CPU
		{5AB51DBB-6154-4180-833E-0D346A3E95DB}.Release|Any CPU.Build.0 = Release|Any CPU
		{9CC02429-F405-45B7-B529-3A80E55C453D}.Debug|Any CPU.ActiveCfg = Debug|Any CPU
		{9CC02429-F405-45B7-B529-3A80E55C453D}.Debug|Any CPU.Build.0 = Debug|Any CPU
		{9CC02429-F405-45B7-B529-3A80E55C453D}.Release|Any CPU.ActiveCfg = Release|Any CPU
		{9CC02429-F405-45B7-B529-3A80E55C453D}.Release|Any CPU.Build.0 = Release|Any CPU
		{ED2BB26B-2EF0-45D6-B4D5-0DE36CE88A4C}.Debug|Any CPU.ActiveCfg = Debug|Any CPU
		{ED2BB26B-2EF0-45D6-B4D5-0DE36CE88A4C}.Debug|Any CPU.Build.0 = Debug|Any CPU
		{ED2BB26B-2EF0-45D6-B4D5-0DE36CE88A4C}.Release|Any CPU.ActiveCfg = Release|Any CPU
		{ED2BB26B-2EF0-45D6-B4D5-0DE36CE88A4C}.Release|Any CPU.Build.0 = Release|Any CPU
	EndGlobalSection
	GlobalSection(SolutionProperties) = preSolution
		HideSolutionNode = FALSE
	EndGlobalSection
	GlobalSection(ExtensibilityGlobals) = postSolution
		SolutionGuid = {90875460-9158-4152-8617-A70BA4F5D51C}
	EndGlobalSection
EndGlobal
